
Microsoft Visual Studio Solution File, Format Version 12.00
# Visual Studio 15
VisualStudioVersion = 15.0.26124.0
MinimumVisualStudioVersion = 15.0.26124.0
Project("{FAE04EC0-301F-11D3-BF4B-00C04F79EFBC}") = "Voxtet.Web.Test", "Voxtet.Web.Test\Voxtet.Web.Test.csproj", "{8DCFCC8E-E9B1-4579-80B9-9D534C14FE93}"
EndProject
Project("{FAE04EC0-301F-11D3-BF4B-00C04F79EFBC}") = "Voxtet.Web.Data", "Voxtet.Web.Data\Voxtet.Web.Data.csproj", "{8EC8C3C1-CBB3-459E-A654-660825FB69D2}"
EndProject
Global
	GlobalSection(SolutionConfigurationPlatforms) = preSolution
		Debug|Any CPU = Debug|Any CPU
		Debug|x64 = Debug|x64
		Debug|x86 = Debug|x86
		Release|Any CPU = Release|Any CPU
		Release|x64 = Release|x64
		Release|x86 = Release|x86
	EndGlobalSection
	GlobalSection(SolutionProperties) = preSolution
		HideSolutionNode = FALSE
	EndGlobalSection
	GlobalSection(ProjectConfigurationPlatforms) = postSolution
		{8DCFCC8E-E9B1-4579-80B9-9D534C14FE93}.Debug|Any CPU.ActiveCfg = Debug|Any CPU
		{8DCFCC8E-E9B1-4579-80B9-9D534C14FE93}.Debug|Any CPU.Build.0 = Debug|Any CPU
		{8DCFCC8E-E9B1-4579-80B9-9D534C14FE93}.Debug|x64.ActiveCfg = Debug|Any CPU
		{8DCFCC8E-E9B1-4579-80B9-9D534C14FE93}.Debug|x64.Build.0 = Debug|Any CPU
		{8DCFCC8E-E9B1-4579-80B9-9D534C14FE93}.Debug|x86.ActiveCfg = Debug|Any CPU
		{8DCFCC8E-E9B1-4579-80B9-9D534C14FE93}.Debug|x86.Build.0 = Debug|Any CPU
		{8DCFCC8E-E9B1-4579-80B9-9D534C14FE93}.Release|Any CPU.ActiveCfg = Release|Any CPU
		{8DCFCC8E-E9B1-4579-80B9-9D534C14FE93}.Release|Any CPU.Build.0 = Release|Any CPU
		{8DCFCC8E-E9B1-4579-80B9-9D534C14FE93}.Release|x64.ActiveCfg = Release|Any CPU
		{8DCFCC8E-E9B1-4579-80B9-9D534C14FE93}.Release|x64.Build.0 = Release|Any CPU
		{8DCFCC8E-E9B1-4579-80B9-9D534C14FE93}.Release|x86.ActiveCfg = Release|Any CPU
		{8DCFCC8E-E9B1-4579-80B9-9D534C14FE93}.Release|x86.Build.0 = Release|Any CPU
		{8EC8C3C1-CBB3-459E-A654-660825FB69D2}.Debug|Any CPU.ActiveCfg = Debug|Any CPU
		{8EC8C3C1-CBB3-459E-A654-660825FB69D2}.Debug|Any CPU.Build.0 = Debug|Any CPU
		{8EC8C3C1-CBB3-459E-A654-660825FB69D2}.Debug|x64.ActiveCfg = Debug|Any CPU
		{8EC8C3C1-CBB3-459E-A654-660825FB69D2}.Debug|x64.Build.0 = Debug|Any CPU
		{8EC8C3C1-CBB3-459E-A654-660825FB69D2}.Debug|x86.ActiveCfg = Debug|Any CPU
		{8EC8C3C1-CBB3-459E-A654-660825FB69D2}.Debug|x86.Build.0 = Debug|Any CPU
		{8EC8C3C1-CBB3-459E-A654-660825FB69D2}.Release|Any CPU.ActiveCfg = Release|Any CPU
		{8EC8C3C1-CBB3-459E-A654-660825FB69D2}.Release|Any CPU.Build.0 = Release|Any CPU
		{8EC8C3C1-CBB3-459E-A654-660825FB69D2}.Release|x64.ActiveCfg = Release|Any CPU
		{8EC8C3C1-CBB3-459E-A654-660825FB69D2}.Release|x64.Build.0 = Release|Any CPU
		{8EC8C3C1-CBB3-459E-A654-660825FB69D2}.Release|x86.ActiveCfg = Release|Any CPU
		{8EC8C3C1-CBB3-459E-A654-660825FB69D2}.Release|x86.Build.0 = Release|Any CPU
	EndGlobalSection
EndGlobal
